
Microsoft Visual Studio Solution File, Format Version 12.00
# Visual Studio Version 16
VisualStudioVersion = 16.0.29806.167
MinimumVisualStudioVersion = 10.0.40219.1
Project("{FAE04EC0-301F-11D3-BF4B-00C04F79EFBC}") = "1.ExtractPersonInformation", "1.ExtractPersonInformation\1.ExtractPersonInformation.csproj", "{DC208A38-3272-4D18-9CB8-B4328DB533A6}"
EndProject
Project("{FAE04EC0-301F-11D3-BF4B-00C04F79EFBC}") = "2.AsciiSumator", "2.AsciiSumator\2.AsciiSumator.csproj", "{8B1E549D-FF1D-4E3E-B95B-D545A61CACD9}"
EndProject
Project("{FAE04EC0-301F-11D3-BF4B-00C04F79EFBC}") = "3.TreasureFinder", "3.TreasureFinder\3.TreasureFinder.csproj", "{3BA90F3D-518E-4B42-AD39-DAC872CEAAC3}"
EndProject
Project("{FAE04EC0-301F-11D3-BF4B-00C04F79EFBC}") = "4.MorseCodeTranslator", "4.MorseCodeTranslator\4.MorseCodeTranslator.csproj", "{93C6BBE7-1A2D-40BB-B501-A0F7C8A3E810}"
EndProject
Project("{FAE04EC0-301F-11D3-BF4B-00C04F79EFBC}") = "5.HTML", "5.HTML\5.HTML.csproj", "{317E468C-DD65-458F-BEE5-C34D78EA3FEB}"
EndProject
Global
	GlobalSection(SolutionConfigurationPlatforms) = preSolution
		Debug|Any CPU = Debug|Any CPU
		Release|Any CPU = Release|Any CPU
	EndGlobalSection
	GlobalSection(ProjectConfigurationPlatforms) = postSolution
		{DC208A38-3272-4D18-9CB8-B4328DB533A6}.Debug|Any CPU.ActiveCfg = Debug|Any CPU
		{DC208A38-3272-4D18-9CB8-B4328DB533A6}.Debug|Any CPU.Build.0 = Debug|Any CPU
		{DC208A38-3272-4D18-9CB8-B4328DB533A6}.Release|Any CPU.ActiveCfg = Release|Any CPU
		{DC208A38-3272-4D18-9CB8-B4328DB533A6}.Release|Any CPU.Build.0 = Release|Any CPU
		{8B1E549D-FF1D-4E3E-B95B-D545A61CACD9}.Debug|Any CPU.ActiveCfg = Debug|Any CPU
		{8B1E549D-FF1D-4E3E-B95B-D545A61CACD9}.Debug|Any CPU.Build.0 = Debug|Any CPU
		{8B1E549D-FF1D-4E3E-B95B-D545A61CACD9}.Release|Any CPU.ActiveCfg = Release|Any CPU
		{8B1E549D-FF1D-4E3E-B95B-D545A61CACD9}.Release|Any CPU.Build.0 = Release|Any CPU
		{3BA90F3D-518E-4B42-AD39-DAC872CEAAC3}.Debug|Any CPU.ActiveCfg = Debug|Any CPU
		{3BA90F3D-518E-4B42-AD39-DAC872CEAAC3}.Debug|Any CPU.Build.0 = Debug|Any CPU
		{3BA90F3D-518E-4B42-AD39-DAC872CEAAC3}.Release|Any CPU.ActiveCfg = Release|Any CPU
		{3BA90F3D-518E-4B42-AD39-DAC872CEAAC3}.Release|Any CPU.Build.0 = Release|Any CPU
		{93C6BBE7-1A2D-40BB-B501-A0F7C8A3E810}.Debug|Any CPU.ActiveCfg = Debug|Any CPU
		{93C6BBE7-1A2D-40BB-B501-A0F7C8A3E810}.Debug|Any CPU.Build.0 = Debug|Any CPU
		{93C6BBE7-1A2D-40BB-B501-A0F7C8A3E810}.Release|Any CPU.ActiveCfg = Release|Any CPU
		{93C6BBE7-1A2D-40BB-B501-A0F7C8A3E810}.Release|Any CPU.Build.0 = Release|Any CPU
		{317E468C-DD65-458F-BEE5-C34D78EA3FEB}.Debug|Any CPU.ActiveCfg = Debug|Any CPU
		{317E468C-DD65-458F-BEE5-C34D78EA3FEB}.Debug|Any CPU.Build.0 = Debug|Any CPU
		{317E468C-DD65-458F-BEE5-C34D78EA3FEB}.Release|Any CPU.ActiveCfg = Release|Any CPU
		{317E468C-DD65-458F-BEE5-C34D78EA3FEB}.Release|Any CPU.Build.0 = Release|Any CPU
	EndGlobalSection
	GlobalSection(SolutionProperties) = preSolution
		HideSolutionNode = FALSE
	EndGlobalSection
	GlobalSection(ExtensibilityGlobals) = postSolution
		SolutionGuid = {C9568DE4-B148-41F5-9468-E6C71D685C42}
	EndGlobalSection
EndGlobal
