
Microsoft Visual Studio Solution File, Format Version 12.00
# Visual Studio Version 16
VisualStudioVersion = 16.0.29806.167
MinimumVisualStudioVersion = 10.0.40219.1
Project("{FAE04EC0-301F-11D3-BF4B-00C04F79EFBC}") = "1.AdvertisementMessage", "1.AdvertisementMessage\1.AdvertisementMessage.csproj", "{20065CFF-7876-4DE4-927F-CD7D8F8E6C05}"
EndProject
Project("{FAE04EC0-301F-11D3-BF4B-00C04F79EFBC}") = "2.Articles", "2.Articles\2.Articles.csproj", "{9A5C63BD-1575-42D2-8135-6FDC57657D1C}"
EndProject
Project("{FAE04EC0-301F-11D3-BF4B-00C04F79EFBC}") = "3.Articles2", "3.Articles2\3.Articles2.csproj", "{C1ABCB30-3911-44F6-97A5-D1A80ED55312}"
EndProject
Project("{FAE04EC0-301F-11D3-BF4B-00C04F79EFBC}") = "4.Students", "4.Students\4.Students.csproj", "{210B213D-4FB3-4A42-8AF3-9DB814F41985}"
EndProject
Project("{FAE04EC0-301F-11D3-BF4B-00C04F79EFBC}") = "5.TeamworkProjects", "5.TeamworkProjects\5.TeamworkProjects.csproj", "{D726BD16-497D-4E29-9EE6-8646650A0601}"
EndProject
Project("{FAE04EC0-301F-11D3-BF4B-00C04F79EFBC}") = "6.VehicleCatalogue", "6.VehicleCatalogue\6.VehicleCatalogue.csproj", "{4D2A1C5D-3A5C-4782-A7C5-7A8790525638}"
EndProject
Project("{FAE04EC0-301F-11D3-BF4B-00C04F79EFBC}") = "7.OrderByAge", "7.OrderByAge\7.OrderByAge.csproj", "{8CA15382-5C5C-453D-B259-8B30FBE6E2E8}"
EndProject
Global
	GlobalSection(SolutionConfigurationPlatforms) = preSolution
		Debug|Any CPU = Debug|Any CPU
		Release|Any CPU = Release|Any CPU
	EndGlobalSection
	GlobalSection(ProjectConfigurationPlatforms) = postSolution
		{20065CFF-7876-4DE4-927F-CD7D8F8E6C05}.Debug|Any CPU.ActiveCfg = Debug|Any CPU
		{20065CFF-7876-4DE4-927F-CD7D8F8E6C05}.Debug|Any CPU.Build.0 = Debug|Any CPU
		{20065CFF-7876-4DE4-927F-CD7D8F8E6C05}.Release|Any CPU.ActiveCfg = Release|Any CPU
		{20065CFF-7876-4DE4-927F-CD7D8F8E6C05}.Release|Any CPU.Build.0 = Release|Any CPU
		{9A5C63BD-1575-42D2-8135-6FDC57657D1C}.Debug|Any CPU.ActiveCfg = Debug|Any CPU
		{9A5C63BD-1575-42D2-8135-6FDC57657D1C}.Debug|Any CPU.Build.0 = Debug|Any CPU
		{9A5C63BD-1575-42D2-8135-6FDC57657D1C}.Release|Any CPU.ActiveCfg = Release|Any CPU
		{9A5C63BD-1575-42D2-8135-6FDC57657D1C}.Release|Any CPU.Build.0 = Release|Any CPU
		{C1ABCB30-3911-44F6-97A5-D1A80ED55312}.Debug|Any CPU.ActiveCfg = Debug|Any CPU
		{C1ABCB30-3911-44F6-97A5-D1A80ED55312}.Debug|Any CPU.Build.0 = Debug|Any CPU
		{C1ABCB30-3911-44F6-97A5-D1A80ED55312}.Release|Any CPU.ActiveCfg = Release|Any CPU
		{C1ABCB30-3911-44F6-97A5-D1A80ED55312}.Release|Any CPU.Build.0 = Release|Any CPU
		{210B213D-4FB3-4A42-8AF3-9DB814F41985}.Debug|Any CPU.ActiveCfg = Debug|Any CPU
		{210B213D-4FB3-4A42-8AF3-9DB814F41985}.Debug|Any CPU.Build.0 = Debug|Any CPU
		{210B213D-4FB3-4A42-8AF3-9DB814F41985}.Release|Any CPU.ActiveCfg = Release|Any CPU
		{210B213D-4FB3-4A42-8AF3-9DB814F41985}.Release|Any CPU.Build.0 = Release|Any CPU
		{D726BD16-497D-4E29-9EE6-8646650A0601}.Debug|Any CPU.ActiveCfg = Debug|Any CPU
		{D726BD16-497D-4E29-9EE6-8646650A0601}.Debug|Any CPU.Build.0 = Debug|Any CPU
		{D726BD16-497D-4E29-9EE6-8646650A0601}.Release|Any CPU.ActiveCfg = Release|Any CPU
		{D726BD16-497D-4E29-9EE6-8646650A0601}.Release|Any CPU.Build.0 = Release|Any CPU
		{4D2A1C5D-3A5C-4782-A7C5-7A8790525638}.Debug|Any CPU.ActiveCfg = Debug|Any CPU
		{4D2A1C5D-3A5C-4782-A7C5-7A8790525638}.Debug|Any CPU.Build.0 = Debug|Any CPU
		{4D2A1C5D-3A5C-4782-A7C5-7A8790525638}.Release|Any CPU.ActiveCfg = Release|Any CPU
		{4D2A1C5D-3A5C-4782-A7C5-7A8790525638}.Release|Any CPU.Build.0 = Release|Any CPU
		{8CA15382-5C5C-453D-B259-8B30FBE6E2E8}.Debug|Any CPU.ActiveCfg = Debug|Any CPU
		{8CA15382-5C5C-453D-B259-8B30FBE6E2E8}.Debug|Any CPU.Build.0 = Debug|Any CPU
		{8CA15382-5C5C-453D-B259-8B30FBE6E2E8}.Release|Any CPU.ActiveCfg = Release|Any CPU
		{8CA15382-5C5C-453D-B259-8B30FBE6E2E8}.Release|Any CPU.Build.0 = Release|Any CPU
	EndGlobalSection
	GlobalSection(SolutionProperties) = preSolution
		HideSolutionNode = FALSE
	EndGlobalSection
	GlobalSection(ExtensibilityGlobals) = postSolution
		SolutionGuid = {012D1C16-2927-4821-A4BE-4D4319813F04}
	EndGlobalSection
EndGlobal
