
Microsoft Visual Studio Solution File, Format Version 12.00
# Visual Studio Version 16
VisualStudioVersion = 16.0.29806.167
MinimumVisualStudioVersion = 10.0.40219.1
Project("{FAE04EC0-301F-11D3-BF4B-00C04F79EFBC}") = "1.Nikulden’sCharity", "1.Nikulden’sCharity\1.Nikulden’sCharity.csproj", "{3AB9C407-00C9-40BD-B822-52A232F08726}"
EndProject
Project("{FAE04EC0-301F-11D3-BF4B-00C04F79EFBC}") = "2.MessageTranslator", "2.MessageTranslator\2.MessageTranslator.csproj", "{E22B442F-810C-437B-8C85-037290E68711}"
EndProject
Project("{FAE04EC0-301F-11D3-BF4B-00C04F79EFBC}") = "3.NikuldensMeals", "3.NikuldensMeals\3.NikuldensMeals.csproj", "{B67D6D38-01C7-41C6-824A-8500B99D4531}"
EndProject
Global
	GlobalSection(SolutionConfigurationPlatforms) = preSolution
		Debug|Any CPU = Debug|Any CPU
		Release|Any CPU = Release|Any CPU
	EndGlobalSection
	GlobalSection(ProjectConfigurationPlatforms) = postSolution
		{3AB9C407-00C9-40BD-B822-52A232F08726}.Debug|Any CPU.ActiveCfg = Debug|Any CPU
		{3AB9C407-00C9-40BD-B822-52A232F08726}.Debug|Any CPU.Build.0 = Debug|Any CPU
		{3AB9C407-00C9-40BD-B822-52A232F08726}.Release|Any CPU.ActiveCfg = Release|Any CPU
		{3AB9C407-00C9-40BD-B822-52A232F08726}.Release|Any CPU.Build.0 = Release|Any CPU
		{E22B442F-810C-437B-8C85-037290E68711}.Debug|Any CPU.ActiveCfg = Debug|Any CPU
		{E22B442F-810C-437B-8C85-037290E68711}.Debug|Any CPU.Build.0 = Debug|Any CPU
		{E22B442F-810C-437B-8C85-037290E68711}.Release|Any CPU.ActiveCfg = Release|Any CPU
		{E22B442F-810C-437B-8C85-037290E68711}.Release|Any CPU.Build.0 = Release|Any CPU
		{B67D6D38-01C7-41C6-824A-8500B99D4531}.Debug|Any CPU.ActiveCfg = Debug|Any CPU
		{B67D6D38-01C7-41C6-824A-8500B99D4531}.Debug|Any CPU.Build.0 = Debug|Any CPU
		{B67D6D38-01C7-41C6-824A-8500B99D4531}.Release|Any CPU.ActiveCfg = Release|Any CPU
		{B67D6D38-01C7-41C6-824A-8500B99D4531}.Release|Any CPU.Build.0 = Release|Any CPU
	EndGlobalSection
	GlobalSection(SolutionProperties) = preSolution
		HideSolutionNode = FALSE
	EndGlobalSection
	GlobalSection(ExtensibilityGlobals) = postSolution
		SolutionGuid = {00250941-9732-4DD0-94FF-67F7D835222D}
	EndGlobalSection
EndGlobal
