
Microsoft Visual Studio Solution File, Format Version 12.00
# Visual Studio Version 16
VisualStudioVersion = 16.0.29806.167
MinimumVisualStudioVersion = 10.0.40219.1
Project("{FAE04EC0-301F-11D3-BF4B-00C04F79EFBC}") = "1.ReverseStrings", "1.ReverseStrings\1.ReverseStrings.csproj", "{66368E5B-CAE1-4C4B-BD53-5C5FC7A3ABA1}"
EndProject
Project("{FAE04EC0-301F-11D3-BF4B-00C04F79EFBC}") = "2.Repeat Strings", "2.Repeat Strings\2.Repeat Strings.csproj", "{BBAB3F9A-9BF6-4FC7-AD75-658BEBEF4184}"
EndProject
Project("{FAE04EC0-301F-11D3-BF4B-00C04F79EFBC}") = "3.Substring", "3.Substring\3.Substring.csproj", "{6DAE8DFA-B182-4277-8B12-2FBA1A14815B}"
EndProject
Project("{FAE04EC0-301F-11D3-BF4B-00C04F79EFBC}") = "4.Text Filter", "4.Text Filter\4.Text Filter.csproj", "{28870BA0-C5FC-48E1-A083-3DEA3D2EFCAE}"
EndProject
Project("{FAE04EC0-301F-11D3-BF4B-00C04F79EFBC}") = "5.DigitsLettersAndOther", "5.DigitsLettersAndOther\5.DigitsLettersAndOther.csproj", "{1FFEEACF-2737-4B3C-8BF1-197C13824CBE}"
EndProject
Global
	GlobalSection(SolutionConfigurationPlatforms) = preSolution
		Debug|Any CPU = Debug|Any CPU
		Release|Any CPU = Release|Any CPU
	EndGlobalSection
	GlobalSection(ProjectConfigurationPlatforms) = postSolution
		{66368E5B-CAE1-4C4B-BD53-5C5FC7A3ABA1}.Debug|Any CPU.ActiveCfg = Debug|Any CPU
		{66368E5B-CAE1-4C4B-BD53-5C5FC7A3ABA1}.Debug|Any CPU.Build.0 = Debug|Any CPU
		{66368E5B-CAE1-4C4B-BD53-5C5FC7A3ABA1}.Release|Any CPU.ActiveCfg = Release|Any CPU
		{66368E5B-CAE1-4C4B-BD53-5C5FC7A3ABA1}.Release|Any CPU.Build.0 = Release|Any CPU
		{BBAB3F9A-9BF6-4FC7-AD75-658BEBEF4184}.Debug|Any CPU.ActiveCfg = Debug|Any CPU
		{BBAB3F9A-9BF6-4FC7-AD75-658BEBEF4184}.Debug|Any CPU.Build.0 = Debug|Any CPU
		{BBAB3F9A-9BF6-4FC7-AD75-658BEBEF4184}.Release|Any CPU.ActiveCfg = Release|Any CPU
		{BBAB3F9A-9BF6-4FC7-AD75-658BEBEF4184}.Release|Any CPU.Build.0 = Release|Any CPU
		{6DAE8DFA-B182-4277-8B12-2FBA1A14815B}.Debug|Any CPU.ActiveCfg = Debug|Any CPU
		{6DAE8DFA-B182-4277-8B12-2FBA1A14815B}.Debug|Any CPU.Build.0 = Debug|Any CPU
		{6DAE8DFA-B182-4277-8B12-2FBA1A14815B}.Release|Any CPU.ActiveCfg = Release|Any CPU
		{6DAE8DFA-B182-4277-8B12-2FBA1A14815B}.Release|Any CPU.Build.0 = Release|Any CPU
		{28870BA0-C5FC-48E1-A083-3DEA3D2EFCAE}.Debug|Any CPU.ActiveCfg = Debug|Any CPU
		{28870BA0-C5FC-48E1-A083-3DEA3D2EFCAE}.Debug|Any CPU.Build.0 = Debug|Any CPU
		{28870BA0-C5FC-48E1-A083-3DEA3D2EFCAE}.Release|Any CPU.ActiveCfg = Release|Any CPU
		{28870BA0-C5FC-48E1-A083-3DEA3D2EFCAE}.Release|Any CPU.Build.0 = Release|Any CPU
		{1FFEEACF-2737-4B3C-8BF1-197C13824CBE}.Debug|Any CPU.ActiveCfg = Debug|Any CPU
		{1FFEEACF-2737-4B3C-8BF1-197C13824CBE}.Debug|Any CPU.Build.0 = Debug|Any CPU
		{1FFEEACF-2737-4B3C-8BF1-197C13824CBE}.Release|Any CPU.ActiveCfg = Release|Any CPU
		{1FFEEACF-2737-4B3C-8BF1-197C13824CBE}.Release|Any CPU.Build.0 = Release|Any CPU
	EndGlobalSection
	GlobalSection(SolutionProperties) = preSolution
		HideSolutionNode = FALSE
	EndGlobalSection
	GlobalSection(ExtensibilityGlobals) = postSolution
		SolutionGuid = {83976EF9-4EF7-44E3-8827-2FCD21659A83}
	EndGlobalSection
EndGlobal
